
Microsoft Visual Studio Solution File, Format Version 12.00
# Visual Studio Version 16
VisualStudioVersion = 16.0.30406.217
MinimumVisualStudioVersion = 10.0.40219.1
Project("{FAE04EC0-301F-11D3-BF4B-00C04F79EFBC}") = "LibraryApp.Android", "LibraryApp\LibraryApp.Android\LibraryApp.Android.csproj", "{23BA3F23-E0F3-44E1-8EB4-AA8FDDC6EE99}"
EndProject
Project("{FAE04EC0-301F-11D3-BF4B-00C04F79EFBC}") = "LibraryApp.iOS", "LibraryApp\LibraryApp.iOS\LibraryApp.iOS.csproj", "{1E1C27D3-0849-4741-BA8F-11D0B12F319C}"
EndProject
Project("{FAE04EC0-301F-11D3-BF4B-00C04F79EFBC}") = "LibraryApp", "LibraryApp\LibraryApp\LibraryApp.csproj", "{0D464A74-83BA-4480-A58F-7F422F77EE5B}"
EndProject
Global
	GlobalSection(SolutionConfigurationPlatforms) = preSolution
		Debug|Any CPU = Debug|Any CPU
		Debug|iPhone = Debug|iPhone
		Debug|iPhoneSimulator = Debug|iPhoneSimulator
		Release|Any CPU = Release|Any CPU
		Release|iPhone = Release|iPhone
		Release|iPhoneSimulator = Release|iPhoneSimulator
	EndGlobalSection
	GlobalSection(ProjectConfigurationPlatforms) = postSolution
		{23BA3F23-E0F3-44E1-8EB4-AA8FDDC6EE99}.Debug|Any CPU.ActiveCfg = Debug|Any CPU
		{23BA3F23-E0F3-44E1-8EB4-AA8FDDC6EE99}.Debug|Any CPU.Build.0 = Debug|Any CPU
		{23BA3F23-E0F3-44E1-8EB4-AA8FDDC6EE99}.Debug|Any CPU.Deploy.0 = Debug|Any CPU
		{23BA3F23-E0F3-44E1-8EB4-AA8FDDC6EE99}.Debug|iPhone.ActiveCfg = Debug|Any CPU
		{23BA3F23-E0F3-44E1-8EB4-AA8FDDC6EE99}.Debug|iPhone.Build.0 = Debug|Any CPU
		{23BA3F23-E0F3-44E1-8EB4-AA8FDDC6EE99}.Debug|iPhone.Deploy.0 = Debug|Any CPU
		{23BA3F23-E0F3-44E1-8EB4-AA8FDDC6EE99}.Debug|iPhoneSimulator.ActiveCfg = Debug|Any CPU
		{23BA3F23-E0F3-44E1-8EB4-AA8FDDC6EE99}.Debug|iPhoneSimulator.Build.0 = Debug|Any CPU
		{23BA3F23-E0F3-44E1-8EB4-AA8FDDC6EE99}.Debug|iPhoneSimulator.Deploy.0 = Debug|Any CPU
		{23BA3F23-E0F3-44E1-8EB4-AA8FDDC6EE99}.Release|Any CPU.ActiveCfg = Release|Any CPU
		{23BA3F23-E0F3-44E1-8EB4-AA8FDDC6EE99}.Release|Any CPU.Build.0 = Release|Any CPU
		{23BA3F23-E0F3-44E1-8EB4-AA8FDDC6EE99}.Release|Any CPU.Deploy.0 = Release|Any CPU
		{23BA3F23-E0F3-44E1-8EB4-AA8FDDC6EE99}.Release|iPhone.ActiveCfg = Release|Any CPU
		{23BA3F23-E0F3-44E1-8EB4-AA8FDDC6EE99}.Release|iPhone.Build.0 = Release|Any CPU
		{23BA3F23-E0F3-44E1-8EB4-AA8FDDC6EE99}.Release|iPhone.Deploy.0 = Release|Any CPU
		{23BA3F23-E0F3-44E1-8EB4-AA8FDDC6EE99}.Release|iPhoneSimulator.ActiveCfg = Release|Any CPU
		{23BA3F23-E0F3-44E1-8EB4-AA8FDDC6EE99}.Release|iPhoneSimulator.Build.0 = Release|Any CPU
		{23BA3F23-E0F3-44E1-8EB4-AA8FDDC6EE99}.Release|iPhoneSimulator.Deploy.0 = Release|Any CPU
		{1E1C27D3-0849-4741-BA8F-11D0B12F319C}.Debug|Any CPU.ActiveCfg = Debug|iPhone
		{1E1C27D3-0849-4741-BA8F-11D0B12F319C}.Debug|Any CPU.Build.0 = Debug|iPhone
		{1E1C27D3-0849-4741-BA8F-11D0B12F319C}.Debug|Any CPU.Deploy.0 = Debug|iPhone
		{1E1C27D3-0849-4741-BA8F-11D0B12F319C}.Debug|iPhone.ActiveCfg = Debug|iPhone
		{1E1C27D3-0849-4741-BA8F-11D0B12F319C}.Debug|iPhone.Build.0 = Debug|iPhone
		{1E1C27D3-0849-4741-BA8F-11D0B12F319C}.Debug|iPhone.Deploy.0 = Debug|iPhone
		{1E1C27D3-0849-4741-BA8F-11D0B12F319C}.Debug|iPhoneSimulator.ActiveCfg = Debug|iPhoneSimulator
		{1E1C27D3-0849-4741-BA8F-11D0B12F319C}.Debug|iPhoneSimulator.Build.0 = Debug|iPhoneSimulator
		{1E1C27D3-0849-4741-BA8F-11D0B12F319C}.Debug|iPhoneSimulator.Deploy.0 = Debug|iPhoneSimulator
		{1E1C27D3-0849-4741-BA8F-11D0B12F319C}.Release|Any CPU.ActiveCfg = Release|iPhone
		{1E1C27D3-0849-4741-BA8F-11D0B12F319C}.Release|Any CPU.Build.0 = Release|iPhone
		{1E1C27D3-0849-4741-BA8F-11D0B12F319C}.Release|Any CPU.Deploy.0 = Release|iPhone
		{1E1C27D3-0849-4741-BA8F-11D0B12F319C}.Release|iPhone.ActiveCfg = Release|iPhone
		{1E1C27D3-0849-4741-BA8F-11D0B12F319C}.Release|iPhone.Build.0 = Release|iPhone
		{1E1C27D3-0849-4741-BA8F-11D0B12F319C}.Release|iPhone.Deploy.0 = Release|iPhone
		{1E1C27D3-0849-4741-BA8F-11D0B12F319C}.Release|iPhoneSimulator.ActiveCfg = Release|iPhoneSimulator
		{1E1C27D3-0849-4741-BA8F-11D0B12F319C}.Release|iPhoneSimulator.Build.0 = Release|iPhoneSimulator
		{1E1C27D3-0849-4741-BA8F-11D0B12F319C}.Release|iPhoneSimulator.Deploy.0 = Release|iPhoneSimulator
		{0D464A74-83BA-4480-A58F-7F422F77EE5B}.Debug|Any CPU.ActiveCfg = Debug|Any CPU
		{0D464A74-83BA-4480-A58F-7F422F77EE5B}.Debug|Any CPU.Build.0 = Debug|Any CPU
		{0D464A74-83BA-4480-A58F-7F422F77EE5B}.Debug|Any CPU.Deploy.0 = Debug|Any CPU
		{0D464A74-83BA-4480-A58F-7F422F77EE5B}.Debug|iPhone.ActiveCfg = Debug|Any CPU
		{0D464A74-83BA-4480-A58F-7F422F77EE5B}.Debug|iPhone.Build.0 = Debug|Any CPU
		{0D464A74-83BA-4480-A58F-7F422F77EE5B}.Debug|iPhone.Deploy.0 = Debug|Any CPU
		{0D464A74-83BA-4480-A58F-7F422F77EE5B}.Debug|iPhoneSimulator.ActiveCfg = Debug|Any CPU
		{0D464A74-83BA-4480-A58F-7F422F77EE5B}.Debug|iPhoneSimulator.Build.0 = Debug|Any CPU
		{0D464A74-83BA-4480-A58F-7F422F77EE5B}.Debug|iPhoneSimulator.Deploy.0 = Debug|Any CPU
		{0D464A74-83BA-4480-A58F-7F422F77EE5B}.Release|Any CPU.ActiveCfg = Release|Any CPU
		{0D464A74-83BA-4480-A58F-7F422F77EE5B}.Release|Any CPU.Build.0 = Release|Any CPU
		{0D464A74-83BA-4480-A58F-7F422F77EE5B}.Release|Any CPU.Deploy.0 = Release|Any CPU
		{0D464A74-83BA-4480-A58F-7F422F77EE5B}.Release|iPhone.ActiveCfg = Release|Any CPU
		{0D464A74-83BA-4480-A58F-7F422F77EE5B}.Release|iPhone.Build.0 = Release|Any CPU
		{0D464A74-83BA-4480-A58F-7F422F77EE5B}.Release|iPhone.Deploy.0 = Release|Any CPU
		{0D464A74-83BA-4480-A58F-7F422F77EE5B}.Release|iPhoneSimulator.ActiveCfg = Release|Any CPU
		{0D464A74-83BA-4480-A58F-7F422F77EE5B}.Release|iPhoneSimulator.Build.0 = Release|Any CPU
		{0D464A74-83BA-4480-A58F-7F422F77EE5B}.Release|iPhoneSimulator.Deploy.0 = Release|Any CPU
	EndGlobalSection
	GlobalSection(SolutionProperties) = preSolution
		HideSolutionNode = FALSE
	EndGlobalSection
	GlobalSection(ExtensibilityGlobals) = postSolution
		SolutionGuid = {D2277916-43EA-4988-B612-282B5554A019}
	EndGlobalSection
EndGlobal
